// !$*UTF8*$!
{
	archiveVersion = 1;
	classes = {
	};
	objectVersion = 50;
	objects = {

/* Begin PBXBuildFile section */
		84FDC1E125F1EFF400DB5D48 /* !Executable.cpp in Sources */ = {isa = PBXBuildFile; fileRef = 84FDC1E025F1EFF400DB5D48 /* !Executable.cpp */; };
/* End PBXBuildFile section */

/* Begin PBXCopyFilesBuildPhase section */
		84FDC1CE25F1EE1C00DB5D48 /* CopyFiles */ = {
			isa = PBXCopyFilesBuildPhase;
			buildActionMask = 2147483647;
			dstPath = /usr/share/man/man1/;
			dstSubfolderSpec = 0;
			files = (
			);
			runOnlyForDeploymentPostprocessing = 1;
		};
/* End PBXCopyFilesBuildPhase section */

/* Begin PBXFileReference section */
		84FDC1D025F1EE1C00DB5D48 /* leetcode-solutions */ = {isa = PBXFileReference; explicitFileType = "compiled.mach-o.executable"; includeInIndex = 0; path = "leetcode-solutions"; sourceTree = BUILT_PRODUCTS_DIR; };
		84FDC1DD25F1EF2D00DB5D48 /* !!ReadMe.md */ = {isa = PBXFileReference; lastKnownFileType = net.daringfireball.markdown; path = "!!ReadMe.md"; sourceTree = "<group>"; };
		84FDC1DE25F1EF4400DB5D48 /* foo.txt */ = {isa = PBXFileReference; lastKnownFileType = text; path = foo.txt; sourceTree = "<group>"; };
		84FDC1E025F1EFF400DB5D48 /* !Executable.cpp */ = {isa = PBXFileReference; lastKnownFileType = sourcecode.cpp.cpp; path = "!Executable.cpp"; sourceTree = "<group>"; };
		84FDC1E425F1F36700DB5D48 /* Hello World.cpp */ = {isa = PBXFileReference; lastKnownFileType = sourcecode.cpp.cpp; path = "Hello World.cpp"; sourceTree = "<group>"; };
		84FDC1E625F1F4FA00DB5D48 /* Hi World.cpp */ = {isa = PBXFileReference; lastKnownFileType = sourcecode.cpp.cpp; path = "Hi World.cpp"; sourceTree = "<group>"; };
/* End PBXFileReference section */

/* Begin PBXFrameworksBuildPhase section */
		84FDC1CD25F1EE1C00DB5D48 /* Frameworks */ = {
			isa = PBXFrameworksBuildPhase;
			buildActionMask = 2147483647;
			files = (
			);
			runOnlyForDeploymentPostprocessing = 0;
		};
/* End PBXFrameworksBuildPhase section */

/* Begin PBXGroup section */
		84FDC1C725F1EE1C00DB5D48 = {
			isa = PBXGroup;
			children = (
				84FDC1D225F1EE1C00DB5D48 /* leetcode-solutions */,
				84FDC1D125F1EE1C00DB5D48 /* Products */,
			);
			sourceTree = "<group>";
		};
		84FDC1D125F1EE1C00DB5D48 /* Products */ = {
			isa = PBXGroup;
			children = (
				84FDC1D025F1EE1C00DB5D48 /* leetcode-solutions */,
			);
			name = Products;
			sourceTree = "<group>";
		};
		84FDC1D225F1EE1C00DB5D48 /* leetcode-solutions */ = {
			isa = PBXGroup;
			children = (
				84FDC1DB25F1EED500DB5D48 /* Ishan */,
				84FDC1DA25F1EECC00DB5D48 /* Aditya */,
			);
			path = "leetcode-solutions";
			sourceTree = "<group>";
		};
		84FDC1DA25F1EECC00DB5D48 /* Aditya */ = {
			isa = PBXGroup;
			children = (
				84FDC1DD25F1EF2D00DB5D48 /* !!ReadMe.md */,
				84FDC1E025F1EFF400DB5D48 /* !Executable.cpp */,
				84FDC1E425F1F36700DB5D48 /* Hello World.cpp */,
				84FDC1E625F1F4FA00DB5D48 /* Hi World.cpp */,
			);
			path = Aditya;
			sourceTree = "<group>";
		};
		84FDC1DB25F1EED500DB5D48 /* Ishan */ = {
			isa = PBXGroup;
			children = (
				84FDC1DE25F1EF4400DB5D48 /* foo.txt */,
			);
			path = Ishan;
			sourceTree = "<group>";
		};
/* End PBXGroup section */

/* Begin PBXNativeTarget section */
		84FDC1CF25F1EE1C00DB5D48 /* leetcode-solutions */ = {
			isa = PBXNativeTarget;
			buildConfigurationList = 84FDC1D725F1EE1C00DB5D48 /* Build configuration list for PBXNativeTarget "leetcode-solutions" */;
			buildPhases = (
				84FDC1CC25F1EE1C00DB5D48 /* Sources */,
				84FDC1CD25F1EE1C00DB5D48 /* Frameworks */,
				84FDC1CE25F1EE1C00DB5D48 /* CopyFiles */,
			);
			buildRules = (
			);
			dependencies = (
			);
			name = "leetcode-solutions";
			productName = "leetcode-solutions";
			productReference = 84FDC1D025F1EE1C00DB5D48 /* leetcode-solutions */;
			productType = "com.apple.product-type.tool";
		};
/* End PBXNativeTarget section */

/* Begin PBXProject section */
		84FDC1C825F1EE1C00DB5D48 /* Project object */ = {
			isa = PBXProject;
			attributes = {
				LastUpgradeCheck = 1120;
				ORGANIZATIONNAME = "Aditya Prakash";
				TargetAttributes = {
					84FDC1CF25F1EE1C00DB5D48 = {
						CreatedOnToolsVersion = 11.2.1;
					};
				};
			};
			buildConfigurationList = 84FDC1CB25F1EE1C00DB5D48 /* Build configuration list for PBXProject "leetcode-solutions" */;
			compatibilityVersion = "Xcode 9.3";
			developmentRegion = en;
			hasScannedForEncodings = 0;
			knownRegions = (
				en,
				Base,
			);
			mainGroup = 84FDC1C725F1EE1C00DB5D48;
			productRefGroup = 84FDC1D125F1EE1C00DB5D48 /* Products */;
			projectDirPath = "";
			projectRoot = "";
			targets = (
				84FDC1CF25F1EE1C00DB5D48 /* leetcode-solutions */,
			);
		};
/* End PBXProject section */

/* Begin PBXSourcesBuildPhase section */
		84FDC1CC25F1EE1C00DB5D48 /* Sources */ = {
			isa = PBXSourcesBuildPhase;
			buildActionMask = 2147483647;
			files = (
				84FDC1E125F1EFF400DB5D48 /* !Executable.cpp in Sources */,
			);
			runOnlyForDeploymentPostprocessing = 0;
		};
/* End PBXSourcesBuildPhase section */

/* Begin XCBuildConfiguration section */
		84FDC1D525F1EE1C00DB5D48 /* Debug */ = {
			isa = XCBuildConfiguration;
			buildSettings = {
				ALWAYS_SEARCH_USER_PATHS = NO;
				CLANG_ANALYZER_NONNULL = YES;
				CLANG_ANALYZER_NUMBER_OBJECT_CONVERSION = YES_AGGRESSIVE;
				CLANG_CXX_LANGUAGE_STANDARD = "gnu++14";
				CLANG_CXX_LIBRARY = "libc++";
				CLANG_ENABLE_MODULES = YES;
				CLANG_ENABLE_OBJC_ARC = YES;
				CLANG_ENABLE_OBJC_WEAK = YES;
				CLANG_WARN_BLOCK_CAPTURE_AUTORELEASING = YES;
				CLANG_WARN_BOOL_CONVERSION = YES;
				CLANG_WARN_COMMA = YES;
				CLANG_WARN_CONSTANT_CONVERSION = YES;
				CLANG_WARN_DEPRECATED_OBJC_IMPLEMENTATIONS = YES;
				CLANG_WARN_DIRECT_OBJC_ISA_USAGE = YES_ERROR;
				CLANG_WARN_DOCUMENTATION_COMMENTS = YES;
				CLANG_WARN_EMPTY_BODY = YES;
				CLANG_WARN_ENUM_CONVERSION = YES;
				CLANG_WARN_INFINITE_RECURSION = YES;
				CLANG_WARN_INT_CONVERSION = YES;
				CLANG_WARN_NON_LITERAL_NULL_CONVERSION = YES;
				CLANG_WARN_OBJC_IMPLICIT_RETAIN_SELF = YES;
				CLANG_WARN_OBJC_LITERAL_CONVERSION = YES;
				CLANG_WARN_OBJC_ROOT_CLASS = YES_ERROR;
				CLANG_WARN_RANGE_LOOP_ANALYSIS = YES;
				CLANG_WARN_STRICT_PROTOTYPES = YES;
				CLANG_WARN_SUSPICIOUS_MOVE = YES;
				CLANG_WARN_UNGUARDED_AVAILABILITY = YES_AGGRESSIVE;
				CLANG_WARN_UNREACHABLE_CODE = YES;
				CLANG_WARN__DUPLICATE_METHOD_MATCH = YES;
				COPY_PHASE_STRIP = NO;
				DEBUG_INFORMATION_FORMAT = dwarf;
				ENABLE_STRICT_OBJC_MSGSEND = YES;
				ENABLE_TESTABILITY = YES;
				GCC_C_LANGUAGE_STANDARD = gnu11;
				GCC_DYNAMIC_NO_PIC = NO;
				GCC_NO_COMMON_BLOCKS = YES;
				GCC_OPTIMIZATION_LEVEL = 0;
				GCC_PREPROCESSOR_DEFINITIONS = (
					"DEBUG=1",
					"$(inherited)",
				);
				GCC_WARN_64_TO_32_BIT_CONVERSION = YES;
				GCC_WARN_ABOUT_RETURN_TYPE = YES_ERROR;
				GCC_WARN_UNDECLARED_SELECTOR = YES;
				GCC_WARN_UNINITIALIZED_AUTOS = YES_AGGRESSIVE;
				GCC_WARN_UNUSED_FUNCTION = YES;
				GCC_WARN_UNUSED_VARIABLE = YES;
				MACOSX_DEPLOYMENT_TARGET = 10.14;
				MTL_ENABLE_DEBUG_INFO = INCLUDE_SOURCE;
				MTL_FAST_MATH = YES;
				ONLY_ACTIVE_ARCH = YES;
				SDKROOT = macosx;
			};
			name = Debug;
		};
		84FDC1D625F1EE1C00DB5D48 /* Release */ = {
			isa = XCBuildConfiguration;
			buildSettings = {
				ALWAYS_SEARCH_USER_PATHS = NO;
				CLANG_ANALYZER_NONNULL = YES;
				CLANG_ANALYZER_NUMBER_OBJECT_CONVERSION = YES_AGGRESSIVE;
				CLANG_CXX_LANGUAGE_STANDARD = "gnu++14";
				CLANG_CXX_LIBRARY = "libc++";
				CLANG_ENABLE_MODULES = YES;
				CLANG_ENABLE_OBJC_ARC = YES;
				CLANG_ENABLE_OBJC_WEAK = YES;
				CLANG_WARN_BLOCK_CAPTURE_AUTORELEASING = YES;
				CLANG_WARN_BOOL_CONVERSION = YES;
				CLANG_WARN_COMMA = YES;
				CLANG_WARN_CONSTANT_CONVERSION = YES;
				CLANG_WARN_DEPRECATED_OBJC_IMPLEMENTATIONS = YES;
				CLANG_WARN_DIRECT_OBJC_ISA_USAGE = YES_ERROR;
				CLANG_WARN_DOCUMENTATION_COMMENTS = YES;
				CLANG_WARN_EMPTY_BODY = YES;
				CLANG_WARN_ENUM_CONVERSION = YES;
				CLANG_WARN_INFINITE_RECURSION = YES;
				CLANG_WARN_INT_CONVERSION = YES;
				CLANG_WARN_NON_LITERAL_NULL_CONVERSION = YES;
				CLANG_WARN_OBJC_IMPLICIT_RETAIN_SELF = YES;
				CLANG_WARN_OBJC_LITERAL_CONVERSION = YES;
				CLANG_WARN_OBJC_ROOT_CLASS = YES_ERROR;
				CLANG_WARN_RANGE_LOOP_ANALYSIS = YES;
				CLANG_WARN_STRICT_PROTOTYPES = YES;
				CLANG_WARN_SUSPICIOUS_MOVE = YES;
				CLANG_WARN_UNGUARDED_AVAILABILITY = YES_AGGRESSIVE;
				CLANG_WARN_UNREACHABLE_CODE = YES;
				CLANG_WARN__DUPLICATE_METHOD_MATCH = YES;
				COPY_PHASE_STRIP = NO;
				DEBUG_INFORMATION_FORMAT = "dwarf-with-dsym";
				ENABLE_NS_ASSERTIONS = NO;
				ENABLE_STRICT_OBJC_MSGSEND = YES;
				GCC_C_LANGUAGE_STANDARD = gnu11;
				GCC_NO_COMMON_BLOCKS = YES;
				GCC_WARN_64_TO_32_BIT_CONVERSION = YES;
				GCC_WARN_ABOUT_RETURN_TYPE = YES_ERROR;
				GCC_WARN_UNDECLARED_SELECTOR = YES;
				GCC_WARN_UNINITIALIZED_AUTOS = YES_AGGRESSIVE;
				GCC_WARN_UNUSED_FUNCTION = YES;
				GCC_WARN_UNUSED_VARIABLE = YES;
				MACOSX_DEPLOYMENT_TARGET = 10.14;
				MTL_ENABLE_DEBUG_INFO = NO;
				MTL_FAST_MATH = YES;
				SDKROOT = macosx;
			};
			name = Release;
		};
		84FDC1D825F1EE1C00DB5D48 /* Debug */ = {
			isa = XCBuildConfiguration;
			buildSettings = {
				CODE_SIGN_STYLE = Automatic;
				PRODUCT_NAME = "$(TARGET_NAME)";
			};
			name = Debug;
		};
		84FDC1D925F1EE1C00DB5D48 /* Release */ = {
			isa = XCBuildConfiguration;
			buildSettings = {
				CODE_SIGN_STYLE = Automatic;
				PRODUCT_NAME = "$(TARGET_NAME)";
			};
			name = Release;
		};
/* End XCBuildConfiguration section */

/* Begin XCConfigurationList section */
		84FDC1CB25F1EE1C00DB5D48 /* Build configuration list for PBXProject "leetcode-solutions" */ = {
			isa = XCConfigurationList;
			buildConfigurations = (
				84FDC1D525F1EE1C00DB5D48 /* Debug */,
				84FDC1D625F1EE1C00DB5D48 /* Release */,
			);
			defaultConfigurationIsVisible = 0;
			defaultConfigurationName = Release;
		};
		84FDC1D725F1EE1C00DB5D48 /* Build configuration list for PBXNativeTarget "leetcode-solutions" */ = {
			isa = XCConfigurationList;
			buildConfigurations = (
				84FDC1D825F1EE1C00DB5D48 /* Debug */,
				84FDC1D925F1EE1C00DB5D48 /* Release */,
			);
			defaultConfigurationIsVisible = 0;
			defaultConfigurationName = Release;
		};
/* End XCConfigurationList section */
	};
	rootObject = 84FDC1C825F1EE1C00DB5D48 /* Project object */;
}
